// !$*UTF8*$!
{
	archiveVersion = 1;
	classes = {
	};
	objectVersion = 46;
	objects = {

/* Begin PBXBuildFile section */
		579F4C071CEE6FF70095F383 /* AppDelegate.swift in Sources */ = {isa = PBXBuildFile; fileRef = 579F4C061CEE6FF70095F383 /* AppDelegate.swift */; };
		579F4C091CEE6FF70095F383 /* ViewController.swift in Sources */ = {isa = PBXBuildFile; fileRef = 579F4C081CEE6FF70095F383 /* ViewController.swift */; };
		579F4C0C1CEE6FF70095F383 /* Main.storyboard in Resources */ = {isa = PBXBuildFile; fileRef = 579F4C0A1CEE6FF70095F383 /* Main.storyboard */; };
		579F4C0E1CEE6FF70095F383 /* Assets.xcassets in Resources */ = {isa = PBXBuildFile; fileRef = 579F4C0D1CEE6FF70095F383 /* Assets.xcassets */; };
		579F4C111CEE6FF70095F383 /* LaunchScreen.storyboard in Resources */ = {isa = PBXBuildFile; fileRef = 579F4C0F1CEE6FF70095F383 /* LaunchScreen.storyboard */; };
		579F4C191CEE74130095F383 /* AurelioViewController.swift in Sources */ = {isa = PBXBuildFile; fileRef = 579F4C181CEE74130095F383 /* AurelioViewController.swift */; };
		579F4C1B1CEE741A0095F383 /* AlejandroiViewController.swift in Sources */ = {isa = PBXBuildFile; fileRef = 579F4C1A1CEE741A0095F383 /* AlejandroiViewController.swift */; };
		579F4C1D1CEE74230095F383 /* ChristianViewController.swift in Sources */ = {isa = PBXBuildFile; fileRef = 579F4C1C1CEE74230095F383 /* ChristianViewController.swift */; };
		837213F11CEE76EF0029AD5E /* VictorViewController.swift in Sources */ = {isa = PBXBuildFile; fileRef = 837213F01CEE76EF0029AD5E /* VictorViewController.swift */; };
/* End PBXBuildFile section */

/* Begin PBXFileReference section */
		579F4C031CEE6FF70095F383 /* Demo.app */ = {isa = PBXFileReference; explicitFileType = wrapper.application; includeInIndex = 0; path = Demo.app; sourceTree = BUILT_PRODUCTS_DIR; };
		579F4C061CEE6FF70095F383 /* AppDelegate.swift */ = {isa = PBXFileReference; lastKnownFileType = sourcecode.swift; path = AppDelegate.swift; sourceTree = "<group>"; };
		579F4C081CEE6FF70095F383 /* ViewController.swift */ = {isa = PBXFileReference; lastKnownFileType = sourcecode.swift; path = ViewController.swift; sourceTree = "<group>"; };
		579F4C0B1CEE6FF70095F383 /* Base */ = {isa = PBXFileReference; lastKnownFileType = file.storyboard; name = Base; path = Base.lproj/Main.storyboard; sourceTree = "<group>"; };
		579F4C0D1CEE6FF70095F383 /* Assets.xcassets */ = {isa = PBXFileReference; lastKnownFileType = folder.assetcatalog; path = Assets.xcassets; sourceTree = "<group>"; };
		579F4C101CEE6FF70095F383 /* Base */ = {isa = PBXFileReference; lastKnownFileType = file.storyboard; name = Base; path = Base.lproj/LaunchScreen.storyboard; sourceTree = "<group>"; };
		579F4C121CEE6FF70095F383 /* Info.plist */ = {isa = PBXFileReference; lastKnownFileType = text.plist.xml; path = Info.plist; sourceTree = "<group>"; };
		579F4C181CEE74130095F383 /* AurelioViewController.swift */ = {isa = PBXFileReference; fileEncoding = 4; lastKnownFileType = sourcecode.swift; path = AurelioViewController.swift; sourceTree = "<group>"; };
		579F4C1A1CEE741A0095F383 /* AlejandroiViewController.swift */ = {isa = PBXFileReference; fileEncoding = 4; lastKnownFileType = sourcecode.swift; path = AlejandroiViewController.swift; sourceTree = "<group>"; };
		579F4C1C1CEE74230095F383 /* ChristianViewController.swift */ = {isa = PBXFileReference; fileEncoding = 4; lastKnownFileType = sourcecode.swift; path = ChristianViewController.swift; sourceTree = "<group>"; };
		837213F01CEE76EF0029AD5E /* VictorViewController.swift */ = {isa = PBXFileReference; fileEncoding = 4; lastKnownFileType = sourcecode.swift; path = VictorViewController.swift; sourceTree = "<group>"; };
/* End PBXFileReference section */

/* Begin PBXFrameworksBuildPhase section */
		579F4C001CEE6FF70095F383 /* Frameworks */ = {
			isa = PBXFrameworksBuildPhase;
			buildActionMask = 2147483647;
			files = (
			);
			runOnlyForDeploymentPostprocessing = 0;
		};
/* End PBXFrameworksBuildPhase section */

/* Begin PBXGroup section */
		579F4BFA1CEE6FF70095F383 = {
			isa = PBXGroup;
			children = (
				579F4C051CEE6FF70095F383 /* Demo */,
				579F4C041CEE6FF70095F383 /* Products */,
			);
			sourceTree = "<group>";
		};
		579F4C041CEE6FF70095F383 /* Products */ = {
			isa = PBXGroup;
			children = (
				579F4C031CEE6FF70095F383 /* Demo.app */,
			);
			name = Products;
			sourceTree = "<group>";
		};
		579F4C051CEE6FF70095F383 /* Demo */ = {
			isa = PBXGroup;
			children = (
				579F4C061CEE6FF70095F383 /* AppDelegate.swift */,
				579F4C081CEE6FF70095F383 /* ViewController.swift */,
				579F4C0A1CEE6FF70095F383 /* Main.storyboard */,
				579F4C0D1CEE6FF70095F383 /* Assets.xcassets */,
				579F4C0F1CEE6FF70095F383 /* LaunchScreen.storyboard */,
				579F4C121CEE6FF70095F383 /* Info.plist */,
				579F4C181CEE74130095F383 /* AurelioViewController.swift */,
				579F4C1A1CEE741A0095F383 /* AlejandroiViewController.swift */,
				579F4C1C1CEE74230095F383 /* ChristianViewController.swift */,
				837213F01CEE76EF0029AD5E /* VictorViewController.swift */,
			);
			path = Demo;
			sourceTree = "<group>";
		};
/* End PBXGroup section */

/* Begin PBXNativeTarget section */
		579F4C021CEE6FF70095F383 /* Demo */ = {
			isa = PBXNativeTarget;
			buildConfigurationList = 579F4C151CEE6FF70095F383 /* Build configuration list for PBXNativeTarget "Demo" */;
			buildPhases = (
				579F4BFF1CEE6FF70095F383 /* Sources */,
				579F4C001CEE6FF70095F383 /* Frameworks */,
				579F4C011CEE6FF70095F383 /* Resources */,
			);
			buildRules = (
			);
			dependencies = (
			);
			name = Demo;
			productName = Demo;
			productReference = 579F4C031CEE6FF70095F383 /* Demo.app */;
			productType = "com.apple.product-type.application";
		};
/* End PBXNativeTarget section */

/* Begin PBXProject section */
		579F4BFB1CEE6FF70095F383 /* Project object */ = {
			isa = PBXProject;
			attributes = {
				LastSwiftUpdateCheck = 0720;
				LastUpgradeCheck = 0720;
				ORGANIZATIONNAME = code3e;
				TargetAttributes = {
					579F4C021CEE6FF70095F383 = {
						CreatedOnToolsVersion = 7.2;
					};
				};
			};
			buildConfigurationList = 579F4BFE1CEE6FF70095F383 /* Build configuration list for PBXProject "Demo" */;
			compatibilityVersion = "Xcode 3.2";
			developmentRegion = English;
			hasScannedForEncodings = 0;
			knownRegions = (
				en,
				Base,
			);
			mainGroup = 579F4BFA1CEE6FF70095F383;
			productRefGroup = 579F4C041CEE6FF70095F383 /* Products */;
			projectDirPath = "";
			projectRoot = "";
			targets = (
				579F4C021CEE6FF70095F383 /* Demo */,
			);
		};
/* End PBXProject section */

/* Begin PBXResourcesBuildPhase section */
		579F4C011CEE6FF70095F383 /* Resources */ = {
			isa = PBXResourcesBuildPhase;
			buildActionMask = 2147483647;
			files = (
				579F4C111CEE6FF70095F383 /* LaunchScreen.storyboard in Resources */,
				579F4C0E1CEE6FF70095F383 /* Assets.xcassets in Resources */,
				579F4C0C1CEE6FF70095F383 /* Main.storyboard in Resources */,
			);
			runOnlyForDeploymentPostprocessing = 0;
		};
/* End PBXResourcesBuildPhase section */

/* Begin PBXSourcesBuildPhase section */
		579F4BFF1CEE6FF70095F383 /* Sources */ = {
			isa = PBXSourcesBuildPhase;
			buildActionMask = 2147483647;
			files = (
				579F4C191CEE74130095F383 /* AurelioViewController.swift in Sources */,
				837213F11CEE76EF0029AD5E /* VictorViewController.swift in Sources */,
				579F4C1B1CEE741A0095F383 /* AlejandroiViewController.swift in Sources */,
				579F4C091CEE6FF70095F383 /* ViewController.swift in Sources */,
				579F4C1D1CEE74230095F383 /* ChristianViewController.swift in Sources */,
				579F4C071CEE6FF70095F383 /* AppDelegate.swift in Sources */,
			);
			runOnlyForDeploymentPostprocessing = 0;
		};
/* End PBXSourcesBuildPhase section */

/* Begin PBXVariantGroup section */
		579F4C0A1CEE6FF70095F383 /* Main.storyboard */ = {
			isa = PBXVariantGroup;
			children = (
				579F4C0B1CEE6FF70095F383 /* Base */,
			);
			name = Main.storyboard;
			sourceTree = "<group>";
		};
		579F4C0F1CEE6FF70095F383 /* LaunchScreen.storyboard */ = {
			isa = PBXVariantGroup;
			children = (
				579F4C101CEE6FF70095F383 /* Base */,
			);
			name = LaunchScreen.storyboard;
			sourceTree = "<group>";
		};
/* End PBXVariantGroup section */

/* Begin XCBuildConfiguration section */
		579F4C131CEE6FF70095F383 /* Debug */ = {
			isa = XCBuildConfiguration;
			buildSettings = {
				ALWAYS_SEARCH_USER_PATHS = NO;
				CLANG_CXX_LANGUAGE_STANDARD = "gnu++0x";
				CLANG_CXX_LIBRARY = "libc++";
				CLANG_ENABLE_MODULES = YES;
				CLANG_ENABLE_OBJC_ARC = YES;
				CLANG_WARN_BOOL_CONVERSION = YES;
				CLANG_WARN_CONSTANT_CONVERSION = YES;
				CLANG_WARN_DIRECT_OBJC_ISA_USAGE = YES_ERROR;
				CLANG_WARN_EMPTY_BODY = YES;
				CLANG_WARN_ENUM_CONVERSION = YES;
				CLANG_WARN_INT_CONVERSION = YES;
				CLANG_WARN_OBJC_ROOT_CLASS = YES_ERROR;
				CLANG_WARN_UNREACHABLE_CODE = YES;
				CLANG_WARN__DUPLICATE_METHOD_MATCH = YES;
				"CODE_SIGN_IDENTITY[sdk=iphoneos*]" = "iPhone Developer";
				COPY_PHASE_STRIP = NO;
				DEBUG_INFORMATION_FORMAT = dwarf;
				ENABLE_STRICT_OBJC_MSGSEND = YES;
				ENABLE_TESTABILITY = YES;
				GCC_C_LANGUAGE_STANDARD = gnu99;
				GCC_DYNAMIC_NO_PIC = NO;
				GCC_NO_COMMON_BLOCKS = YES;
				GCC_OPTIMIZATION_LEVEL = 0;
				GCC_PREPROCESSOR_DEFINITIONS = (
					"DEBUG=1",
					"$(inherited)",
				);
				GCC_WARN_64_TO_32_BIT_CONVERSION = YES;
				GCC_WARN_ABOUT_RETURN_TYPE = YES_ERROR;
				GCC_WARN_UNDECLARED_SELECTOR = YES;
				GCC_WARN_UNINITIALIZED_AUTOS = YES_AGGRESSIVE;
				GCC_WARN_UNUSED_FUNCTION = YES;
				GCC_WARN_UNUSED_VARIABLE = YES;
				IPHONEOS_DEPLOYMENT_TARGET = 9.2;
				MTL_ENABLE_DEBUG_INFO = YES;
				ONLY_ACTIVE_ARCH = YES;
				SDKROOT = iphoneos;
				SWIFT_OPTIMIZATION_LEVEL = "-Onone";
				TARGETED_DEVICE_FAMILY = 2;
			};
			name = Debug;
		};
		579F4C141CEE6FF70095F383 /* Release */ = {
			isa = XCBuildConfiguration;
			buildSettings = {
				ALWAYS_SEARCH_USER_PATHS = NO;
				CLANG_CXX_LANGUAGE_STANDARD = "gnu++0x";
				CLANG_CXX_LIBRARY = "libc++";
				CLANG_ENABLE_MODULES = YES;
				CLANG_ENABLE_OBJC_ARC = YES;
				CLANG_WARN_BOOL_CONVERSION = YES;
				CLANG_WARN_CONSTANT_CONVERSION = YES;
				CLANG_WARN_DIRECT_OBJC_ISA_USAGE = YES_ERROR;
				CLANG_WARN_EMPTY_BODY = YES;
				CLANG_WARN_ENUM_CONVERSION = YES;
				CLANG_WARN_INT_CONVERSION = YES;
				CLANG_WARN_OBJC_ROOT_CLASS = YES_ERROR;
				CLANG_WARN_UNREACHABLE_CODE = YES;
				CLANG_WARN__DUPLICATE_METHOD_MATCH = YES;
				"CODE_SIGN_IDENTITY[sdk=iphoneos*]" = "iPhone Developer";
				COPY_PHASE_STRIP = NO;
				DEBUG_INFORMATION_FORMAT = "dwarf-with-dsym";
				ENABLE_NS_ASSERTIONS = NO;
				ENABLE_STRICT_OBJC_MSGSEND = YES;
				GCC_C_LANGUAGE_STANDARD = gnu99;
				GCC_NO_COMMON_BLOCKS = YES;
				GCC_WARN_64_TO_32_BIT_CONVERSION = YES;
				GCC_WARN_ABOUT_RETURN_TYPE = YES_ERROR;
				GCC_WARN_UNDECLARED_SELECTOR = YES;
				GCC_WARN_UNINITIALIZED_AUTOS = YES_AGGRESSIVE;
				GCC_WARN_UNUSED_FUNCTION = YES;
				GCC_WARN_UNUSED_VARIABLE = YES;
				IPHONEOS_DEPLOYMENT_TARGET = 9.2;
				MTL_ENABLE_DEBUG_INFO = NO;
				SDKROOT = iphoneos;
				TARGETED_DEVICE_FAMILY = 2;
				VALIDATE_PRODUCT = YES;
			};
			name = Release;
		};
		579F4C161CEE6FF70095F383 /* Debug */ = {
			isa = XCBuildConfiguration;
			buildSettings = {
				ASSETCATALOG_COMPILER_APPICON_NAME = AppIcon;
				INFOPLIST_FILE = Demo/Info.plist;
				LD_RUNPATH_SEARCH_PATHS = "$(inherited) @executable_path/Frameworks";
				PRODUCT_BUNDLE_IDENTIFIER = com.code3e.Demo;
				PRODUCT_NAME = "$(TARGET_NAME)";
			};
			name = Debug;
		};
		579F4C171CEE6FF70095F383 /* Release */ = {
			isa = XCBuildConfiguration;
			buildSettings = {
				ASSETCATALOG_COMPILER_APPICON_NAME = AppIcon;
				INFOPLIST_FILE = Demo/Info.plist;
				LD_RUNPATH_SEARCH_PATHS = "$(inherited) @executable_path/Frameworks";
				PRODUCT_BUNDLE_IDENTIFIER = com.code3e.Demo;
				PRODUCT_NAME = "$(TARGET_NAME)";
			};
			name = Release;
		};
/* End XCBuildConfiguration section */

/* Begin XCConfigurationList section */
		579F4BFE1CEE6FF70095F383 /* Build configuration list for PBXProject "Demo" */ = {
			isa = XCConfigurationList;
			buildConfigurations = (
				579F4C131CEE6FF70095F383 /* Debug */,
				579F4C141CEE6FF70095F383 /* Release */,
			);
			defaultConfigurationIsVisible = 0;
			defaultConfigurationName = Release;
		};
		579F4C151CEE6FF70095F383 /* Build configuration list for PBXNativeTarget "Demo" */ = {
			isa = XCConfigurationList;
			buildConfigurations = (
				579F4C161CEE6FF70095F383 /* Debug */,
				579F4C171CEE6FF70095F383 /* Release */,
			);
			defaultConfigurationIsVisible = 0;
			defaultConfigurationName = Release;
		};
/* End XCConfigurationList section */
	};
	rootObject = 579F4BFB1CEE6FF70095F383 /* Project object */;
}
